
Microsoft Visual Studio Solution File, Format Version 12.00
# Visual Studio Version 17
VisualStudioVersion = 17.0.31903.59
MinimumVisualStudioVersion = 10.0.40219.1
Project("{2150E333-8FDC-42A3-9474-1A3956D46DE8}") = "src", "src", "{E58FF6FD-F36B-4CB2-A65F-2068CD27C8E5}"
EndProject
Project("{2150E333-8FDC-42A3-9474-1A3956D46DE8}") = "test", "test", "{D2DC0BF4-9E7B-4904-A896-4F6492ED63C9}"
EndProject
Project("{2150E333-8FDC-42A3-9474-1A3956D46DE8}") = "Core", "Core", "{1C72385E-2236-43B5-81C0-D668CF2004B8}"
EndProject
Project("{9A19103F-16F7-4668-BE54-9A1E7A4F7556}") = "OnForkHub.Core", "src\OnForkHub.Core\OnForkHub.Core.csproj", "{102F1B45-F2B1-461A-86C2-387893647020}"
EndProject
Project("{2150E333-8FDC-42A3-9474-1A3956D46DE8}") = "Core", "Core", "{D2C9F810-CE57-4F3B-8E10-BB433DD5EAE7}"
EndProject
Project("{9A19103F-16F7-4668-BE54-9A1E7A4F7556}") = "OnForkHub.Core.Test", "test\OnForkHub.Core.Test\OnForkHub.Core.Test.csproj", "{6160A66B-D092-4A6A-AC3A-2E494131187F}"
EndProject
Project("{2150E333-8FDC-42A3-9474-1A3956D46DE8}") = "Presentations", "Presentations", "{075B8D4B-517B-4C7D-91E2-6549162E5D79}"
EndProject
Project("{2150E333-8FDC-42A3-9474-1A3956D46DE8}") = "Console", "Console", "{0BBA28FF-58F0-48BA-A185-4EB7267C6F55}"
EndProject
Project("{9A19103F-16F7-4668-BE54-9A1E7A4F7556}") = "OnForkHub.App", "src\OnForkHub.App\OnForkHub.App.csproj", "{F4F28DA2-289B-4BAD-8927-84EBE1B29716}"
EndProject
Project("{2150E333-8FDC-42A3-9474-1A3956D46DE8}") = "Shared", "Shared", "{E51B0901-74D1-419E-91A7-FAC35F0C152E}"
EndProject
Project("{9A19103F-16F7-4668-BE54-9A1E7A4F7556}") = "OnForkHub.Scripts", "src\OnForkHub.Scripts\OnForkHub.Scripts.csproj", "{95608F47-EABA-41D7-95E7-02753E8D9F8F}"
EndProject
Project("{9A19103F-16F7-4668-BE54-9A1E7A4F7556}") = "OnForkHub.Abstractions", "src\OnForkHub.Abstractions\OnForkHub.Abstractions.csproj", "{EEA2B378-6B36-4FE9-A2E3-86D4A654C46D}"
EndProject
Project("{9A19103F-16F7-4668-BE54-9A1E7A4F7556}") = "OnForkHub.Application", "src\OnForkHub.Application\OnForkHub.Application.csproj", "{4DCC3D58-3A32-43BA-A8BD-25E93809F79C}"
EndProject
Project("{2150E333-8FDC-42A3-9474-1A3956D46DE8}") = "Persistence", "Persistence", "{0DE9703A-81F7-4306-9948-77266987D2E2}"
EndProject
Project("{9A19103F-16F7-4668-BE54-9A1E7A4F7556}") = "OnForkHub.Persistence", "src\OnForkHub.Persistence\OnForkHub.Persistence.csproj", "{1E0F83AD-286C-4D15-BCAD-356650E13ACA}"
EndProject
Project("{2150E333-8FDC-42A3-9474-1A3956D46DE8}") = "Persistence", "Persistence", "{1A4E7D82-A33D-4AD3-842B-EFB5B2C16C49}"
EndProject
Project("{9A19103F-16F7-4668-BE54-9A1E7A4F7556}") = "OnForkHub.Persistence.Test", "test\OnForkHub.Persistence.Test\OnForkHub.Persistence.Test.csproj", "{F6B680D6-1B24-4459-A86C-7DB6E72A71C1}"
EndProject
Project("{9A19103F-16F7-4668-BE54-9A1E7A4F7556}") = "OnForkHub.Shared.Abstractions", "src\OnForkHub.Shared.Abstractions\OnForkHub.Shared.Abstractions.csproj", "{EEA2B378-6B36-4FE9-A2E3-86D4A654C46D}"
EndProject
Project("{2150E333-8FDC-42A3-9474-1A3956D46DE8}") = "Web", "Web", "{46037EF8-AF82-4F01-BB2A-78806DCB81D0}"
EndProject
Project("{9A19103F-16F7-4668-BE54-9A1E7A4F7556}") = "OnForkHub.Web", "src\OnForkHub.Web\OnForkHub.Web.csproj", "{E7BCE20B-3566-4AFB-9E66-9996C4DB2EED}"
EndProject
Global
	GlobalSection(SolutionConfigurationPlatforms) = preSolution
		Debug|Any CPU = Debug|Any CPU
		Release|Any CPU = Release|Any CPU
	EndGlobalSection
	GlobalSection(ProjectConfigurationPlatforms) = postSolution
		{102F1B45-F2B1-461A-86C2-387893647020}.Debug|Any CPU.ActiveCfg = Debug|Any CPU
		{102F1B45-F2B1-461A-86C2-387893647020}.Debug|Any CPU.Build.0 = Debug|Any CPU
		{102F1B45-F2B1-461A-86C2-387893647020}.Release|Any CPU.ActiveCfg = Release|Any CPU
		{102F1B45-F2B1-461A-86C2-387893647020}.Release|Any CPU.Build.0 = Release|Any CPU
		{6160A66B-D092-4A6A-AC3A-2E494131187F}.Debug|Any CPU.ActiveCfg = Debug|Any CPU
		{6160A66B-D092-4A6A-AC3A-2E494131187F}.Debug|Any CPU.Build.0 = Debug|Any CPU
		{6160A66B-D092-4A6A-AC3A-2E494131187F}.Release|Any CPU.ActiveCfg = Release|Any CPU
		{6160A66B-D092-4A6A-AC3A-2E494131187F}.Release|Any CPU.Build.0 = Release|Any CPU
		{F4F28DA2-289B-4BAD-8927-84EBE1B29716}.Debug|Any CPU.ActiveCfg = Debug|Any CPU
		{F4F28DA2-289B-4BAD-8927-84EBE1B29716}.Debug|Any CPU.Build.0 = Debug|Any CPU
		{F4F28DA2-289B-4BAD-8927-84EBE1B29716}.Release|Any CPU.ActiveCfg = Release|Any CPU
		{F4F28DA2-289B-4BAD-8927-84EBE1B29716}.Release|Any CPU.Build.0 = Release|Any CPU
		{95608F47-EABA-41D7-95E7-02753E8D9F8F}.Debug|Any CPU.ActiveCfg = Debug|Any CPU
		{95608F47-EABA-41D7-95E7-02753E8D9F8F}.Debug|Any CPU.Build.0 = Debug|Any CPU
		{95608F47-EABA-41D7-95E7-02753E8D9F8F}.Release|Any CPU.ActiveCfg = Release|Any CPU
		{95608F47-EABA-41D7-95E7-02753E8D9F8F}.Release|Any CPU.Build.0 = Release|Any CPU
		{EEA2B378-6B36-4FE9-A2E3-86D4A654C46D}.Debug|Any CPU.ActiveCfg = Debug|Any CPU
		{EEA2B378-6B36-4FE9-A2E3-86D4A654C46D}.Debug|Any CPU.Build.0 = Debug|Any CPU
		{EEA2B378-6B36-4FE9-A2E3-86D4A654C46D}.Release|Any CPU.ActiveCfg = Release|Any CPU
		{EEA2B378-6B36-4FE9-A2E3-86D4A654C46D}.Release|Any CPU.Build.0 = Release|Any CPU
		{E7BCE20B-3566-4AFB-9E66-9996C4DB2EED}.Debug|Any CPU.ActiveCfg = Debug|Any CPU
		{E7BCE20B-3566-4AFB-9E66-9996C4DB2EED}.Debug|Any CPU.Build.0 = Debug|Any CPU
		{E7BCE20B-3566-4AFB-9E66-9996C4DB2EED}.Release|Any CPU.ActiveCfg = Release|Any CPU
		{E7BCE20B-3566-4AFB-9E66-9996C4DB2EED}.Release|Any CPU.Build.0 = Release|Any CPU
	EndGlobalSection
	GlobalSection(SolutionProperties) = preSolution
		HideSolutionNode = FALSE
	EndGlobalSection
	GlobalSection(NestedProjects) = preSolution
		{1C72385E-2236-43B5-81C0-D668CF2004B8} = {E58FF6FD-F36B-4CB2-A65F-2068CD27C8E5}
		{102F1B45-F2B1-461A-86C2-387893647020} = {1C72385E-2236-43B5-81C0-D668CF2004B8}
		{D2C9F810-CE57-4F3B-8E10-BB433DD5EAE7} = {D2DC0BF4-9E7B-4904-A896-4F6492ED63C9}
		{6160A66B-D092-4A6A-AC3A-2E494131187F} = {D2C9F810-CE57-4F3B-8E10-BB433DD5EAE7}
		{075B8D4B-517B-4C7D-91E2-6549162E5D79} = {E58FF6FD-F36B-4CB2-A65F-2068CD27C8E5}
		{0BBA28FF-58F0-48BA-A185-4EB7267C6F55} = {075B8D4B-517B-4C7D-91E2-6549162E5D79}
		{F4F28DA2-289B-4BAD-8927-84EBE1B29716} = {0BBA28FF-58F0-48BA-A185-4EB7267C6F55}
		{E51B0901-74D1-419E-91A7-FAC35F0C152E} = {E58FF6FD-F36B-4CB2-A65F-2068CD27C8E5}
		{95608F47-EABA-41D7-95E7-02753E8D9F8F} = {E51B0901-74D1-419E-91A7-FAC35F0C152E}
		{EEA2B378-6B36-4FE9-A2E3-86D4A654C46D} = {E51B0901-74D1-419E-91A7-FAC35F0C152E}
		{46037EF8-AF82-4F01-BB2A-78806DCB81D0} = {075B8D4B-517B-4C7D-91E2-6549162E5D79}
		{E7BCE20B-3566-4AFB-9E66-9996C4DB2EED} = {46037EF8-AF82-4F01-BB2A-78806DCB81D0}
	EndGlobalSection
	GlobalSection(ExtensibilityGlobals) = postSolution
		SolutionGuid = {12C1AB3A-8897-4AAD-8681-A37B26ADF8B5}
	EndGlobalSection
EndGlobal
